// !$*UTF8*$!
{
	archiveVersion = 1;
	classes = {
	};
	objectVersion = 50;
	objects = {

/* Begin PBXBuildFile section */
		B245D2DC2680E033009194A2 /* RepoAPICliant.swift in Sources */ = {isa = PBXBuildFile; fileRef = B245D2DB2680E033009194A2 /* RepoAPICliant.swift */; };
		B24BC7FF26747E9B000F7C14 /* PracticeSwiftUIApp.swift in Sources */ = {isa = PBXBuildFile; fileRef = B24BC7FE26747E9B000F7C14 /* PracticeSwiftUIApp.swift */; };
		B24BC80126747E9B000F7C14 /* RepoListView.swift in Sources */ = {isa = PBXBuildFile; fileRef = B24BC80026747E9B000F7C14 /* RepoListView.swift */; };
		B24BC80326747EA1000F7C14 /* Assets.xcassets in Resources */ = {isa = PBXBuildFile; fileRef = B24BC80226747EA1000F7C14 /* Assets.xcassets */; };
		B24BC80626747EA1000F7C14 /* Preview Assets.xcassets in Resources */ = {isa = PBXBuildFile; fileRef = B24BC80526747EA1000F7C14 /* Preview Assets.xcassets */; };
		B262BC4E2674EBFA007FDDA8 /* Repo.swift in Sources */ = {isa = PBXBuildFile; fileRef = B262BC4D2674EBFA007FDDA8 /* Repo.swift */; };
		B262BC512674EC09007FDDA8 /* User.swift in Sources */ = {isa = PBXBuildFile; fileRef = B262BC502674EC09007FDDA8 /* User.swift */; };
		B262BC562674F4E4007FDDA8 /* RepoRow.swift in Sources */ = {isa = PBXBuildFile; fileRef = B262BC552674F4E4007FDDA8 /* RepoRow.swift */; };
		B262BC5F26751A8C007FDDA8 /* RepoDetailView.swift in Sources */ = {isa = PBXBuildFile; fileRef = B262BC5E26751A8C007FDDA8 /* RepoDetailView.swift */; };
		B262BC6426751CC8007FDDA8 /* Repo+mock.swift in Sources */ = {isa = PBXBuildFile; fileRef = B262BC6326751CC8007FDDA8 /* Repo+mock.swift */; };
		B262BC6726751CDB007FDDA8 /* User+mock.swift in Sources */ = {isa = PBXBuildFile; fileRef = B262BC6626751CDB007FDDA8 /* User+mock.swift */; };
/* End PBXBuildFile section */

/* Begin PBXFileReference section */
		B245D2DB2680E033009194A2 /* RepoAPICliant.swift */ = {isa = PBXFileReference; lastKnownFileType = sourcecode.swift; path = RepoAPICliant.swift; sourceTree = "<group>"; };
		B24BC7FB26747E9B000F7C14 /* PracticeSwiftUI.app */ = {isa = PBXFileReference; explicitFileType = wrapper.application; includeInIndex = 0; path = PracticeSwiftUI.app; sourceTree = BUILT_PRODUCTS_DIR; };
		B24BC7FE26747E9B000F7C14 /* PracticeSwiftUIApp.swift */ = {isa = PBXFileReference; lastKnownFileType = sourcecode.swift; path = PracticeSwiftUIApp.swift; sourceTree = "<group>"; };
		B24BC80026747E9B000F7C14 /* RepoListView.swift */ = {isa = PBXFileReference; indentWidth = 1; lastKnownFileType = sourcecode.swift; path = RepoListView.swift; sourceTree = "<group>"; tabWidth = 1; wrapsLines = 0; };
		B24BC80226747EA1000F7C14 /* Assets.xcassets */ = {isa = PBXFileReference; lastKnownFileType = folder.assetcatalog; path = Assets.xcassets; sourceTree = "<group>"; };
		B24BC80526747EA1000F7C14 /* Preview Assets.xcassets */ = {isa = PBXFileReference; lastKnownFileType = folder.assetcatalog; path = "Preview Assets.xcassets"; sourceTree = "<group>"; };
		B24BC80726747EA1000F7C14 /* Info.plist */ = {isa = PBXFileReference; lastKnownFileType = text.plist.xml; path = Info.plist; sourceTree = "<group>"; };
		B262BC4D2674EBFA007FDDA8 /* Repo.swift */ = {isa = PBXFileReference; lastKnownFileType = sourcecode.swift; path = Repo.swift; sourceTree = "<group>"; };
		B262BC502674EC09007FDDA8 /* User.swift */ = {isa = PBXFileReference; lastKnownFileType = sourcecode.swift; path = User.swift; sourceTree = "<group>"; };
		B262BC552674F4E4007FDDA8 /* RepoRow.swift */ = {isa = PBXFileReference; lastKnownFileType = sourcecode.swift; path = RepoRow.swift; sourceTree = "<group>"; };
		B262BC5E26751A8C007FDDA8 /* RepoDetailView.swift */ = {isa = PBXFileReference; lastKnownFileType = sourcecode.swift; path = RepoDetailView.swift; sourceTree = "<group>"; };
		B262BC6326751CC8007FDDA8 /* Repo+mock.swift */ = {isa = PBXFileReference; lastKnownFileType = sourcecode.swift; path = "Repo+mock.swift"; sourceTree = "<group>"; };
		B262BC6626751CDB007FDDA8 /* User+mock.swift */ = {isa = PBXFileReference; lastKnownFileType = sourcecode.swift; path = "User+mock.swift"; sourceTree = "<group>"; };
/* End PBXFileReference section */

/* Begin PBXFrameworksBuildPhase section */
		B24BC7F826747E9B000F7C14 /* Frameworks */ = {
			isa = PBXFrameworksBuildPhase;
			buildActionMask = 2147483647;
			files = (
			);
			runOnlyForDeploymentPostprocessing = 0;
		};
/* End PBXFrameworksBuildPhase section */

/* Begin PBXGroup section */
		B24BC7F226747E9B000F7C14 = {
			isa = PBXGroup;
			children = (
				B24BC7FD26747E9B000F7C14 /* PracticeSwiftUI */,
				B24BC7FC26747E9B000F7C14 /* Products */,
			);
			sourceTree = "<group>";
		};
		B24BC7FC26747E9B000F7C14 /* Products */ = {
			isa = PBXGroup;
			children = (
				B24BC7FB26747E9B000F7C14 /* PracticeSwiftUI.app */,
			);
			name = Products;
			sourceTree = "<group>";
		};
		B24BC7FD26747E9B000F7C14 /* PracticeSwiftUI */ = {
			isa = PBXGroup;
			children = (
				B24BC7FE26747E9B000F7C14 /* PracticeSwiftUIApp.swift */,
				B245D2DB2680E033009194A2 /* RepoAPICliant.swift */,
				B262BC5C2674F651007FDDA8 /* View */,
				B262BC532674EC11007FDDA8 /* Model */,
				B24BC80226747EA1000F7C14 /* Assets.xcassets */,
				B24BC80726747EA1000F7C14 /* Info.plist */,
				B24BC80426747EA1000F7C14 /* Preview Content */,
			);
			path = PracticeSwiftUI;
			sourceTree = "<group>";
		};
		B24BC80426747EA1000F7C14 /* Preview Content */ = {
			isa = PBXGroup;
			children = (
				B24BC80526747EA1000F7C14 /* Preview Assets.xcassets */,
				B262BC6926751CE0007FDDA8 /* Mock */,
			);
			path = "Preview Content";
			sourceTree = "<group>";
		};
		B262BC532674EC11007FDDA8 /* Model */ = {
			isa = PBXGroup;
			children = (
				B262BC4D2674EBFA007FDDA8 /* Repo.swift */,
				B262BC502674EC09007FDDA8 /* User.swift */,
			);
			path = Model;
			sourceTree = "<group>";
		};
		B262BC5C2674F651007FDDA8 /* View */ = {
			isa = PBXGroup;
			children = (
				B24BC80026747E9B000F7C14 /* RepoListView.swift */,
				B262BC552674F4E4007FDDA8 /* RepoRow.swift */,
				B262BC5E26751A8C007FDDA8 /* RepoDetailView.swift */,
			);
			path = View;
			sourceTree = "<group>";
		};
		B262BC6926751CE0007FDDA8 /* Mock */ = {
			isa = PBXGroup;
			children = (
				B262BC6326751CC8007FDDA8 /* Repo+mock.swift */,
				B262BC6626751CDB007FDDA8 /* User+mock.swift */,
			);
			path = Mock;
			sourceTree = "<group>";
		};
/* End PBXGroup section */

/* Begin PBXNativeTarget section */
		B24BC7FA26747E9B000F7C14 /* PracticeSwiftUI */ = {
			isa = PBXNativeTarget;
			buildConfigurationList = B24BC80A26747EA1000F7C14 /* Build configuration list for PBXNativeTarget "PracticeSwiftUI" */;
			buildPhases = (
				B24BC7F726747E9B000F7C14 /* Sources */,
				B24BC7F826747E9B000F7C14 /* Frameworks */,
				B24BC7F926747E9B000F7C14 /* Resources */,
			);
			buildRules = (
			);
			dependencies = (
			);
			name = PracticeSwiftUI;
			productName = PracticeSwiftUI;
			productReference = B24BC7FB26747E9B000F7C14 /* PracticeSwiftUI.app */;
			productType = "com.apple.product-type.application";
		};
/* End PBXNativeTarget section */

/* Begin PBXProject section */
		B24BC7F326747E9B000F7C14 /* Project object */ = {
			isa = PBXProject;
			attributes = {
				LastSwiftUpdateCheck = 1220;
				LastUpgradeCheck = 1220;
				TargetAttributes = {
					B24BC7FA26747E9B000F7C14 = {
						CreatedOnToolsVersion = 12.2;
					};
				};
			};
			buildConfigurationList = B24BC7F626747E9B000F7C14 /* Build configuration list for PBXProject "PracticeSwiftUI" */;
			compatibilityVersion = "Xcode 9.3";
			developmentRegion = en;
			hasScannedForEncodings = 0;
			knownRegions = (
				en,
				Base,
			);
			mainGroup = B24BC7F226747E9B000F7C14;
			productRefGroup = B24BC7FC26747E9B000F7C14 /* Products */;
			projectDirPath = "";
			projectRoot = "";
			targets = (
				B24BC7FA26747E9B000F7C14 /* PracticeSwiftUI */,
			);
		};
/* End PBXProject section */

/* Begin PBXResourcesBuildPhase section */
		B24BC7F926747E9B000F7C14 /* Resources */ = {
			isa = PBXResourcesBuildPhase;
			buildActionMask = 2147483647;
			files = (
				B24BC80626747EA1000F7C14 /* Preview Assets.xcassets in Resources */,
				B24BC80326747EA1000F7C14 /* Assets.xcassets in Resources */,
			);
			runOnlyForDeploymentPostprocessing = 0;
		};
/* End PBXResourcesBuildPhase section */

/* Begin PBXSourcesBuildPhase section */
		B24BC7F726747E9B000F7C14 /* Sources */ = {
			isa = PBXSourcesBuildPhase;
			buildActionMask = 2147483647;
			files = (
				B262BC562674F4E4007FDDA8 /* RepoRow.swift in Sources */,
				B245D2DC2680E033009194A2 /* RepoAPICliant.swift in Sources */,
				B262BC6426751CC8007FDDA8 /* Repo+mock.swift in Sources */,
				B262BC512674EC09007FDDA8 /* User.swift in Sources */,
				B262BC5F26751A8C007FDDA8 /* RepoDetailView.swift in Sources */,
				B262BC4E2674EBFA007FDDA8 /* Repo.swift in Sources */,
				B24BC80126747E9B000F7C14 /* RepoListView.swift in Sources */,
				B262BC6726751CDB007FDDA8 /* User+mock.swift in Sources */,
				B24BC7FF26747E9B000F7C14 /* PracticeSwiftUIApp.swift in Sources */,
			);
			runOnlyForDeploymentPostprocessing = 0;
		};
/* End PBXSourcesBuildPhase section */

/* Begin XCBuildConfiguration section */
		B24BC80826747EA1000F7C14 /* Debug */ = {
			isa = XCBuildConfiguration;
			buildSettings = {
				ALWAYS_SEARCH_USER_PATHS = NO;
				CLANG_ANALYZER_NONNULL = YES;
				CLANG_ANALYZER_NUMBER_OBJECT_CONVERSION = YES_AGGRESSIVE;
				CLANG_CXX_LANGUAGE_STANDARD = "gnu++14";
				CLANG_CXX_LIBRARY = "libc++";
				CLANG_ENABLE_MODULES = YES;
				CLANG_ENABLE_OBJC_ARC = YES;
				CLANG_ENABLE_OBJC_WEAK = YES;
				CLANG_WARN_BLOCK_CAPTURE_AUTORELEASING = YES;
				CLANG_WARN_BOOL_CONVERSION = YES;
				CLANG_WARN_COMMA = YES;
				CLANG_WARN_CONSTANT_CONVERSION = YES;
				CLANG_WARN_DEPRECATED_OBJC_IMPLEMENTATIONS = YES;
				CLANG_WARN_DIRECT_OBJC_ISA_USAGE = YES_ERROR;
				CLANG_WARN_DOCUMENTATION_COMMENTS = YES;
				CLANG_WARN_EMPTY_BODY = YES;
				CLANG_WARN_ENUM_CONVERSION = YES;
				CLANG_WARN_INFINITE_RECURSION = YES;
				CLANG_WARN_INT_CONVERSION = YES;
				CLANG_WARN_NON_LITERAL_NULL_CONVERSION = YES;
				CLANG_WARN_OBJC_IMPLICIT_RETAIN_SELF = YES;
				CLANG_WARN_OBJC_LITERAL_CONVERSION = YES;
				CLANG_WARN_OBJC_ROOT_CLASS = YES_ERROR;
				CLANG_WARN_QUOTED_INCLUDE_IN_FRAMEWORK_HEADER = YES;
				CLANG_WARN_RANGE_LOOP_ANALYSIS = YES;
				CLANG_WARN_STRICT_PROTOTYPES = YES;
				CLANG_WARN_SUSPICIOUS_MOVE = YES;
				CLANG_WARN_UNGUARDED_AVAILABILITY = YES_AGGRESSIVE;
				CLANG_WARN_UNREACHABLE_CODE = YES;
				CLANG_WARN__DUPLICATE_METHOD_MATCH = YES;
				COPY_PHASE_STRIP = NO;
				DEBUG_INFORMATION_FORMAT = dwarf;
				ENABLE_STRICT_OBJC_MSGSEND = YES;
				ENABLE_TESTABILITY = YES;
				GCC_C_LANGUAGE_STANDARD = gnu11;
				GCC_DYNAMIC_NO_PIC = NO;
				GCC_NO_COMMON_BLOCKS = YES;
				GCC_OPTIMIZATION_LEVEL = 0;
				GCC_PREPROCESSOR_DEFINITIONS = (
					"DEBUG=1",
					"$(inherited)",
				);
				GCC_WARN_64_TO_32_BIT_CONVERSION = YES;
				GCC_WARN_ABOUT_RETURN_TYPE = YES_ERROR;
				GCC_WARN_UNDECLARED_SELECTOR = YES;
				GCC_WARN_UNINITIALIZED_AUTOS = YES_AGGRESSIVE;
				GCC_WARN_UNUSED_FUNCTION = YES;
				GCC_WARN_UNUSED_VARIABLE = YES;
				IPHONEOS_DEPLOYMENT_TARGET = 14.2;
				MTL_ENABLE_DEBUG_INFO = INCLUDE_SOURCE;
				MTL_FAST_MATH = YES;
				ONLY_ACTIVE_ARCH = YES;
				SDKROOT = iphoneos;
				SWIFT_ACTIVE_COMPILATION_CONDITIONS = DEBUG;
				SWIFT_OPTIMIZATION_LEVEL = "-Onone";
			};
			name = Debug;
		};
		B24BC80926747EA1000F7C14 /* Release */ = {
			isa = XCBuildConfiguration;
			buildSettings = {
				ALWAYS_SEARCH_USER_PATHS = NO;
				CLANG_ANALYZER_NONNULL = YES;
				CLANG_ANALYZER_NUMBER_OBJECT_CONVERSION = YES_AGGRESSIVE;
				CLANG_CXX_LANGUAGE_STANDARD = "gnu++14";
				CLANG_CXX_LIBRARY = "libc++";
				CLANG_ENABLE_MODULES = YES;
				CLANG_ENABLE_OBJC_ARC = YES;
				CLANG_ENABLE_OBJC_WEAK = YES;
				CLANG_WARN_BLOCK_CAPTURE_AUTORELEASING = YES;
				CLANG_WARN_BOOL_CONVERSION = YES;
				CLANG_WARN_COMMA = YES;
				CLANG_WARN_CONSTANT_CONVERSION = YES;
				CLANG_WARN_DEPRECATED_OBJC_IMPLEMENTATIONS = YES;
				CLANG_WARN_DIRECT_OBJC_ISA_USAGE = YES_ERROR;
				CLANG_WARN_DOCUMENTATION_COMMENTS = YES;
				CLANG_WARN_EMPTY_BODY = YES;
				CLANG_WARN_ENUM_CONVERSION = YES;
				CLANG_WARN_INFINITE_RECURSION = YES;
				CLANG_WARN_INT_CONVERSION = YES;
				CLANG_WARN_NON_LITERAL_NULL_CONVERSION = YES;
				CLANG_WARN_OBJC_IMPLICIT_RETAIN_SELF = YES;
				CLANG_WARN_OBJC_LITERAL_CONVERSION = YES;
				CLANG_WARN_OBJC_ROOT_CLASS = YES_ERROR;
				CLANG_WARN_QUOTED_INCLUDE_IN_FRAMEWORK_HEADER = YES;
				CLANG_WARN_RANGE_LOOP_ANALYSIS = YES;
				CLANG_WARN_STRICT_PROTOTYPES = YES;
				CLANG_WARN_SUSPICIOUS_MOVE = YES;
				CLANG_WARN_UNGUARDED_AVAILABILITY = YES_AGGRESSIVE;
				CLANG_WARN_UNREACHABLE_CODE = YES;
				CLANG_WARN__DUPLICATE_METHOD_MATCH = YES;
				COPY_PHASE_STRIP = NO;
				DEBUG_INFORMATION_FORMAT = "dwarf-with-dsym";
				ENABLE_NS_ASSERTIONS = NO;
				ENABLE_STRICT_OBJC_MSGSEND = YES;
				GCC_C_LANGUAGE_STANDARD = gnu11;
				GCC_NO_COMMON_BLOCKS = YES;
				GCC_WARN_64_TO_32_BIT_CONVERSION = YES;
				GCC_WARN_ABOUT_RETURN_TYPE = YES_ERROR;
				GCC_WARN_UNDECLARED_SELECTOR = YES;
				GCC_WARN_UNINITIALIZED_AUTOS = YES_AGGRESSIVE;
				GCC_WARN_UNUSED_FUNCTION = YES;
				GCC_WARN_UNUSED_VARIABLE = YES;
				IPHONEOS_DEPLOYMENT_TARGET = 14.2;
				MTL_ENABLE_DEBUG_INFO = NO;
				MTL_FAST_MATH = YES;
				SDKROOT = iphoneos;
				SWIFT_COMPILATION_MODE = wholemodule;
				SWIFT_OPTIMIZATION_LEVEL = "-O";
				VALIDATE_PRODUCT = YES;
			};
			name = Release;
		};
		B24BC80B26747EA1000F7C14 /* Debug */ = {
			isa = XCBuildConfiguration;
			buildSettings = {
				ASSETCATALOG_COMPILER_APPICON_NAME = AppIcon;
				ASSETCATALOG_COMPILER_GLOBAL_ACCENT_COLOR_NAME = AccentColor;
				CODE_SIGN_STYLE = Automatic;
				DEVELOPMENT_ASSET_PATHS = "\"PracticeSwiftUI/Preview Content\"";
				DEVELOPMENT_TEAM = JBN38UMB62;
				ENABLE_PREVIEWS = YES;
				INFOPLIST_FILE = PracticeSwiftUI/Info.plist;
				IPHONEOS_DEPLOYMENT_TARGET = 14.0;
				LD_RUNPATH_SEARCH_PATHS = (
					"$(inherited)",
					"@executable_path/Frameworks",
				);
				PRODUCT_BUNDLE_IDENTIFIER = jp.techacademy.toya.miura.PracticeSwiftUI;
				PRODUCT_NAME = "$(TARGET_NAME)";
				SWIFT_VERSION = 5.0;
				TARGETED_DEVICE_FAMILY = "1,2";
			};
			name = Debug;
		};
		B24BC80C26747EA1000F7C14 /* Release */ = {
			isa = XCBuildConfiguration;
			buildSettings = {
				ASSETCATALOG_COMPILER_APPICON_NAME = AppIcon;
				ASSETCATALOG_COMPILER_GLOBAL_ACCENT_COLOR_NAME = AccentColor;
				CODE_SIGN_STYLE = Automatic;
				DEVELOPMENT_ASSET_PATHS = "\"PracticeSwiftUI/Preview Content\"";
				DEVELOPMENT_TEAM = JBN38UMB62;
				ENABLE_PREVIEWS = YES;
				INFOPLIST_FILE = PracticeSwiftUI/Info.plist;
				IPHONEOS_DEPLOYMENT_TARGET = 14.0;
				LD_RUNPATH_SEARCH_PATHS = (
					"$(inherited)",
					"@executable_path/Frameworks",
				);
				PRODUCT_BUNDLE_IDENTIFIER = jp.techacademy.toya.miura.PracticeSwiftUI;
				PRODUCT_NAME = "$(TARGET_NAME)";
				SWIFT_VERSION = 5.0;
				TARGETED_DEVICE_FAMILY = "1,2";
			};
			name = Release;
		};
/* End XCBuildConfiguration section */

/* Begin XCConfigurationList section */
		B24BC7F626747E9B000F7C14 /* Build configuration list for PBXProject "PracticeSwiftUI" */ = {
			isa = XCConfigurationList;
			buildConfigurations = (
				B24BC80826747EA1000F7C14 /* Debug */,
				B24BC80926747EA1000F7C14 /* Release */,
			);
			defaultConfigurationIsVisible = 0;
			defaultConfigurationName = Release;
		};
		B24BC80A26747EA1000F7C14 /* Build configuration list for PBXNativeTarget "PracticeSwiftUI" */ = {
			isa = XCConfigurationList;
			buildConfigurations = (
				B24BC80B26747EA1000F7C14 /* Debug */,
				B24BC80C26747EA1000F7C14 /* Release */,
			);
			defaultConfigurationIsVisible = 0;
			defaultConfigurationName = Release;
		};
/* End XCConfigurationList section */
	};
	rootObject = B24BC7F326747E9B000F7C14 /* Project object */;
}
